{
  "originHash" : "f67a8dd81ad99bb586249c91c05e3ede4c56b48b7c5b1d57723641e53e1ebacc",
  "pins" : [
    {
      "identity" : "libcmark_gfm",
      "kind" : "remoteSourceControl",
      "location" : "https://github.com/KristopherGBaker/libcmark_gfm",
      "state" : {
        "branch" : "master",
        "revision" : "3e8c4238a4657a12411c82aa1e43a89930c9881f"
      }
    },
    {
      "identity" : "sparkle",
      "kind" : "remoteSourceControl",
      "location" : "https://github.com/sparkle-project/Sparkle",
      "state" : {
        "revision" : "21d8df80440b1ca3b65fa82e40782f1e5a9e6ba2",
        "version" : "2.9.0"
      }
    },
    {
      "identity" : "swift-collections",
      "kind" : "remoteSourceControl",
      "location" : "https://github.com/apple/swift-collections",
      "state" : {
        "revision" : "6675bc0ff86e61436e615df6fc5174e043e57924",
        "version" : "1.4.1"
      }
    }
  ],
  "version" : 3
}
